
Microsoft Visual Studio Solution File, Format Version 12.00
# Visual Studio Version 16
VisualStudioVersion = 16.0.30225.117
MinimumVisualStudioVersion = 10.0.40219.1
Project("{9A19103F-16F7-4668-BE54-9A1E7A4F7556}") = "Web", "Web\Web.csproj", "{D29F94B0-152A-4880-8C0B-B0C97574EECB}"
EndProject
Project("{2150E333-8FDC-42A3-9474-1A3956D46DE8}") = "Domain", "Domain", "{B95D8A1F-EB25-4F1D-B853-9C6E11E31D4C}"
EndProject
Project("{9A19103F-16F7-4668-BE54-9A1E7A4F7556}") = "CMC.Domain", "CMC.Domain\CMC.Domain.csproj", "{80E5FA9A-AD46-4027-869A-309853E186AE}"
EndProject
Project("{2150E333-8FDC-42A3-9474-1A3956D46DE8}") = "Framework", "Framework", "{FE7C5137-3071-4395-8E77-9D14F25471F4}"
EndProject
Project("{9A19103F-16F7-4668-BE54-9A1E7A4F7556}") = "CMC.Models", "CMC.Models\CMC.Models.csproj", "{ADF27218-6E96-4347-A2D2-389EC81BB210}"
EndProject
Project("{2150E333-8FDC-42A3-9474-1A3956D46DE8}") = "ApplicationLayer", "ApplicationLayer", "{0AD90724-8074-4C08-8D32-E93F8837C2CC}"
EndProject
Project("{9A19103F-16F7-4668-BE54-9A1E7A4F7556}") = "CMC.ReadStack", "CMC.ReadStack\CMC.ReadStack.csproj", "{201B8ADE-CE91-455F-BA5F-0444A5A6B640}"
EndProject
Project("{9A19103F-16F7-4668-BE54-9A1E7A4F7556}") = "CMC.Commands", "CMC.Commands\CMC.Commands.csproj", "{2A69E160-84D8-414D-9440-3619D47CB17C}"
EndProject
Project("{2150E333-8FDC-42A3-9474-1A3956D46DE8}") = "DataAccess", "DataAccess", "{A429C43D-86C6-400B-8F27-458EF4FDF63C}"
EndProject
Project("{9A19103F-16F7-4668-BE54-9A1E7A4F7556}") = "CMC.Repositories", "CMC.Repositories\CMC.Repositories.csproj", "{66AE53E1-B7C4-4416-A91B-8090011DC1A3}"
EndProject
Project("{FAE04EC0-301F-11D3-BF4B-00C04F79EFBC}") = "CMC.Services", "CMC.Services\CMC.Services.csproj", "{0410EE61-6AF9-4EDC-A9F1-00A0315E3194}"
EndProject
Project("{2150E333-8FDC-42A3-9474-1A3956D46DE8}") = "Test", "Test", "{99C14A6B-EA70-4F06-9BD7-47D1E0FFAB34}"
EndProject
Project("{FAE04EC0-301F-11D3-BF4B-00C04F79EFBC}") = "CMC.UnitTests", "CMC.UnitTests\CMC.UnitTests.csproj", "{91A401D8-D0EB-4863-A632-827A3D57C790}"
EndProject
Global
	GlobalSection(SolutionConfigurationPlatforms) = preSolution
		Debug|Any CPU = Debug|Any CPU
		Release|Any CPU = Release|Any CPU
	EndGlobalSection
	GlobalSection(ProjectConfigurationPlatforms) = postSolution
		{D29F94B0-152A-4880-8C0B-B0C97574EECB}.Debug|Any CPU.ActiveCfg = Debug|Any CPU
		{D29F94B0-152A-4880-8C0B-B0C97574EECB}.Debug|Any CPU.Build.0 = Debug|Any CPU
		{D29F94B0-152A-4880-8C0B-B0C97574EECB}.Release|Any CPU.ActiveCfg = Release|Any CPU
		{D29F94B0-152A-4880-8C0B-B0C97574EECB}.Release|Any CPU.Build.0 = Release|Any CPU
		{80E5FA9A-AD46-4027-869A-309853E186AE}.Debug|Any CPU.ActiveCfg = Debug|Any CPU
		{80E5FA9A-AD46-4027-869A-309853E186AE}.Debug|Any CPU.Build.0 = Debug|Any CPU
		{80E5FA9A-AD46-4027-869A-309853E186AE}.Release|Any CPU.ActiveCfg = Release|Any CPU
		{80E5FA9A-AD46-4027-869A-309853E186AE}.Release|Any CPU.Build.0 = Release|Any CPU
		{ADF27218-6E96-4347-A2D2-389EC81BB210}.Debug|Any CPU.ActiveCfg = Debug|Any CPU
		{ADF27218-6E96-4347-A2D2-389EC81BB210}.Debug|Any CPU.Build.0 = Debug|Any CPU
		{ADF27218-6E96-4347-A2D2-389EC81BB210}.Release|Any CPU.ActiveCfg = Release|Any CPU
		{ADF27218-6E96-4347-A2D2-389EC81BB210}.Release|Any CPU.Build.0 = Release|Any CPU
		{201B8ADE-CE91-455F-BA5F-0444A5A6B640}.Debug|Any CPU.ActiveCfg = Debug|Any CPU
		{201B8ADE-CE91-455F-BA5F-0444A5A6B640}.Debug|Any CPU.Build.0 = Debug|Any CPU
		{201B8ADE-CE91-455F-BA5F-0444A5A6B640}.Release|Any CPU.ActiveCfg = Release|Any CPU
		{201B8ADE-CE91-455F-BA5F-0444A5A6B640}.Release|Any CPU.Build.0 = Release|Any CPU
		{2A69E160-84D8-414D-9440-3619D47CB17C}.Debug|Any CPU.ActiveCfg = Debug|Any CPU
		{2A69E160-84D8-414D-9440-3619D47CB17C}.Debug|Any CPU.Build.0 = Debug|Any CPU
		{2A69E160-84D8-414D-9440-3619D47CB17C}.Release|Any CPU.ActiveCfg = Release|Any CPU
		{2A69E160-84D8-414D-9440-3619D47CB17C}.Release|Any CPU.Build.0 = Release|Any CPU
		{66AE53E1-B7C4-4416-A91B-8090011DC1A3}.Debug|Any CPU.ActiveCfg = Debug|Any CPU
		{66AE53E1-B7C4-4416-A91B-8090011DC1A3}.Debug|Any CPU.Build.0 = Debug|Any CPU
		{66AE53E1-B7C4-4416-A91B-8090011DC1A3}.Release|Any CPU.ActiveCfg = Release|Any CPU
		{66AE53E1-B7C4-4416-A91B-8090011DC1A3}.Release|Any CPU.Build.0 = Release|Any CPU
		{0410EE61-6AF9-4EDC-A9F1-00A0315E3194}.Debug|Any CPU.ActiveCfg = Debug|Any CPU
		{0410EE61-6AF9-4EDC-A9F1-00A0315E3194}.Debug|Any CPU.Build.0 = Debug|Any CPU
		{0410EE61-6AF9-4EDC-A9F1-00A0315E3194}.Release|Any CPU.ActiveCfg = Release|Any CPU
		{0410EE61-6AF9-4EDC-A9F1-00A0315E3194}.Release|Any CPU.Build.0 = Release|Any CPU
		{91A401D8-D0EB-4863-A632-827A3D57C790}.Debug|Any CPU.ActiveCfg = Debug|Any CPU
		{91A401D8-D0EB-4863-A632-827A3D57C790}.Debug|Any CPU.Build.0 = Debug|Any CPU
		{91A401D8-D0EB-4863-A632-827A3D57C790}.Release|Any CPU.ActiveCfg = Release|Any CPU
		{91A401D8-D0EB-4863-A632-827A3D57C790}.Release|Any CPU.Build.0 = Release|Any CPU
	EndGlobalSection
	GlobalSection(SolutionProperties) = preSolution
		HideSolutionNode = FALSE
	EndGlobalSection
	GlobalSection(NestedProjects) = preSolution
		{80E5FA9A-AD46-4027-869A-309853E186AE} = {B95D8A1F-EB25-4F1D-B853-9C6E11E31D4C}
		{ADF27218-6E96-4347-A2D2-389EC81BB210} = {FE7C5137-3071-4395-8E77-9D14F25471F4}
		{201B8ADE-CE91-455F-BA5F-0444A5A6B640} = {0AD90724-8074-4C08-8D32-E93F8837C2CC}
		{2A69E160-84D8-414D-9440-3619D47CB17C} = {0AD90724-8074-4C08-8D32-E93F8837C2CC}
		{66AE53E1-B7C4-4416-A91B-8090011DC1A3} = {A429C43D-86C6-400B-8F27-458EF4FDF63C}
		{0410EE61-6AF9-4EDC-A9F1-00A0315E3194} = {FE7C5137-3071-4395-8E77-9D14F25471F4}
		{91A401D8-D0EB-4863-A632-827A3D57C790} = {99C14A6B-EA70-4F06-9BD7-47D1E0FFAB34}
	EndGlobalSection
	GlobalSection(ExtensibilityGlobals) = postSolution
		SolutionGuid = {908B038A-7962-4822-826D-69DB120CBBAE}
	EndGlobalSection
EndGlobal
